
Microsoft Visual Studio Solution File, Format Version 12.00
# Visual Studio Version 17
VisualStudioVersion = 17.8.34601.278
MinimumVisualStudioVersion = 10.0.40219.1
Project("{9A19103F-16F7-4668-BE54-9A1E7A4F7556}") = "ShopSystem", "Shopping ERP\ShopSystem.csproj", "{09B523B9-E496-4104-AE47-CBB6BACFAD0F}"
EndProject
Project("{9A19103F-16F7-4668-BE54-9A1E7A4F7556}") = "ShopSystem.Models", "ShopSystem.Models\ShopSystem.Models.csproj", "{057019AA-2C32-4192-8F22-124E9CD26DDD}"
EndProject
Project("{9A19103F-16F7-4668-BE54-9A1E7A4F7556}") = "ShopSystem.Data", "ShopSystem.Data\ShopSystem.Data.csproj", "{48E4F09D-73F2-4E14-854F-89960BCE936C}"
EndProject
Global
	GlobalSection(SolutionConfigurationPlatforms) = preSolution
		Debug|Any CPU = Debug|Any CPU
		Release|Any CPU = Release|Any CPU
	EndGlobalSection
	GlobalSection(ProjectConfigurationPlatforms) = postSolution
		{09B523B9-E496-4104-AE47-CBB6BACFAD0F}.Debug|Any CPU.ActiveCfg = Debug|Any CPU
		{09B523B9-E496-4104-AE47-CBB6BACFAD0F}.Debug|Any CPU.Build.0 = Debug|Any CPU
		{09B523B9-E496-4104-AE47-CBB6BACFAD0F}.Release|Any CPU.ActiveCfg = Release|Any CPU
		{09B523B9-E496-4104-AE47-CBB6BACFAD0F}.Release|Any CPU.Build.0 = Release|Any CPU
		{057019AA-2C32-4192-8F22-124E9CD26DDD}.Debug|Any CPU.ActiveCfg = Debug|Any CPU
		{057019AA-2C32-4192-8F22-124E9CD26DDD}.Debug|Any CPU.Build.0 = Debug|Any CPU
		{057019AA-2C32-4192-8F22-124E9CD26DDD}.Release|Any CPU.ActiveCfg = Release|Any CPU
		{057019AA-2C32-4192-8F22-124E9CD26DDD}.Release|Any CPU.Build.0 = Release|Any CPU
		{48E4F09D-73F2-4E14-854F-89960BCE936C}.Debug|Any CPU.ActiveCfg = Debug|Any CPU
		{48E4F09D-73F2-4E14-854F-89960BCE936C}.Debug|Any CPU.Build.0 = Debug|Any CPU
		{48E4F09D-73F2-4E14-854F-89960BCE936C}.Release|Any CPU.ActiveCfg = Release|Any CPU
		{48E4F09D-73F2-4E14-854F-89960BCE936C}.Release|Any CPU.Build.0 = Release|Any CPU
	EndGlobalSection
	GlobalSection(SolutionProperties) = preSolution
		HideSolutionNode = FALSE
	EndGlobalSection
	GlobalSection(ExtensibilityGlobals) = postSolution
		SolutionGuid = {1C002F2C-9465-406A-8C96-7758BCF01EBC}
	EndGlobalSection
EndGlobal
